{
  "version": "3",
  "redirects": {
    "https://esm.sh/@supabase/functions-js/src/edge-runtime.d.ts": "https://esm.sh/@supabase/functions-js@2.4.2/src/edge-runtime.d.ts",
    "https://esm.sh/@supabase/functions-js@2.4.2/src/edge-runtime.d.ts": "https://esm.sh/v135/@supabase/functions-js@2.4.2/src/edge-runtime.d.ts"
  },
  "remote": {},
  "workspace": {
    "packageJson": {
      "dependencies": [
        "npm:@internationalized/date@^3.5.2",
        "npm:@stripe/stripe-js@^3.4.0",
        "npm:@supabase/auth-ui-shared@^0.1.8",
        "npm:@supabase/auth-ui-svelte@^0.2.9",
        "npm:@supabase/ssr@^0.1.0",
        "npm:@supabase/supabase-js@^2.39.8",
        "npm:@sveltejs/adapter-auto@^3.0.0",
        "npm:@sveltejs/kit@^2.0.0",
        "npm:@sveltejs/vite-plugin-svelte@^3.0.0",
        "npm:@types/eslint@^8.56.0",
        "npm:@typescript-eslint/eslint-plugin@^7.0.0",
        "npm:@typescript-eslint/parser@^7.0.0",
        "npm:autoprefixer@^10.4.16",
        "npm:bits-ui@^0.19.7",
        "npm:clsx@^2.1.0",
        "npm:eslint-config-prettier@^9.1.0",
        "npm:eslint-plugin-svelte@^2.35.1",
        "npm:eslint@^8.56.0",
        "npm:formsnap@^0.5.1",
        "npm:lucide-svelte@^0.350.0",
        "npm:mode-watcher@^0.2.2",
        "npm:postcss-load-config@^5.0.2",
        "npm:postcss@^8.4.32",
        "npm:prettier-plugin-svelte@^3.1.2",
        "npm:prettier-plugin-tailwindcss@^0.5.9",
        "npm:prettier@^3.1.1",
        "npm:stripe@^15.5.0",
        "npm:svelte-check@^3.6.0",
        "npm:svelte-dnd-action@^0.9.43",
        "npm:svelte-sonner@^0.3.19",
        "npm:svelte-stripe@^1.2.0",
        "npm:svelte@^5.0.0-next.120",
        "npm:sveltekit-superforms@^2.8.1",
        "npm:tailwind-merge@^2.2.1",
        "npm:tailwind-variants@^0.2.0",
        "npm:tailwindcss@^3.3.6",
        "npm:tslib@^2.4.1",
        "npm:typescript@^5.0.0",
        "npm:vite@^5.0.3",
        "npm:zod@^3.22.4"
      ]
    }
  }
}
